
Microsoft Visual Studio Solution File, Format Version 12.00
# Visual Studio 2013
VisualStudioVersion = 12.0.30324.0
MinimumVisualStudioVersion = 10.0.40219.1
Project("{FAE04EC0-301F-11D3-BF4B-00C04F79EFBC}") = "ATM.Data", "ATM.model\ATM.Data.csproj", "{0E791545-13C5-4582-A4A9-49307EA5528C}"
EndProject
Project("{FAE04EC0-301F-11D3-BF4B-00C04F79EFBC}") = "ATMdb.Model", "ATMdb.Model\ATMdb.Model.csproj", "{95BAAE08-5807-4424-BC9E-8323BD5D4586}"
EndProject
Project("{FAE04EC0-301F-11D3-BF4B-00C04F79EFBC}") = "ATM.ConsoleClient", "ATM.ConsoleClient\ATM.ConsoleClient.csproj", "{E907E322-D9EB-4C4F-BB94-1FAC859DB739}"
EndProject
Global
	GlobalSection(SolutionConfigurationPlatforms) = preSolution
		Debug|Any CPU = Debug|Any CPU
		Release|Any CPU = Release|Any CPU
	EndGlobalSection
	GlobalSection(ProjectConfigurationPlatforms) = postSolution
		{0E791545-13C5-4582-A4A9-49307EA5528C}.Debug|Any CPU.ActiveCfg = Debug|Any CPU
		{0E791545-13C5-4582-A4A9-49307EA5528C}.Debug|Any CPU.Build.0 = Debug|Any CPU
		{0E791545-13C5-4582-A4A9-49307EA5528C}.Release|Any CPU.ActiveCfg = Release|Any CPU
		{0E791545-13C5-4582-A4A9-49307EA5528C}.Release|Any CPU.Build.0 = Release|Any CPU
		{95BAAE08-5807-4424-BC9E-8323BD5D4586}.Debug|Any CPU.ActiveCfg = Debug|Any CPU
		{95BAAE08-5807-4424-BC9E-8323BD5D4586}.Debug|Any CPU.Build.0 = Debug|Any CPU
		{95BAAE08-5807-4424-BC9E-8323BD5D4586}.Release|Any CPU.ActiveCfg = Release|Any CPU
		{95BAAE08-5807-4424-BC9E-8323BD5D4586}.Release|Any CPU.Build.0 = Release|Any CPU
		{E907E322-D9EB-4C4F-BB94-1FAC859DB739}.Debug|Any CPU.ActiveCfg = Debug|Any CPU
		{E907E322-D9EB-4C4F-BB94-1FAC859DB739}.Debug|Any CPU.Build.0 = Debug|Any CPU
		{E907E322-D9EB-4C4F-BB94-1FAC859DB739}.Release|Any CPU.ActiveCfg = Release|Any CPU
		{E907E322-D9EB-4C4F-BB94-1FAC859DB739}.Release|Any CPU.Build.0 = Release|Any CPU
	EndGlobalSection
	GlobalSection(SolutionProperties) = preSolution
		HideSolutionNode = FALSE
	EndGlobalSection
EndGlobal
