
Microsoft Visual Studio Solution File, Format Version 12.00
# Visual Studio 2013
VisualStudioVersion = 12.0.30324.0
MinimumVisualStudioVersion = 10.0.40219.1
Project("{FAE04EC0-301F-11D3-BF4B-00C04F79EFBC}") = "RecoverMessage.cs", "RecoverMessage.cs\RecoverMessage.cs.csproj", "{5FC0B60F-E633-472F-8575-427B7C535881}"
EndProject
Project("{FAE04EC0-301F-11D3-BF4B-00C04F79EFBC}") = "3dLabirynth", "3dLabirynth\3dLabirynth.csproj", "{E5540427-BEA4-4ACB-A167-18D2F2BC5A9E}"
EndProject
Project("{FAE04EC0-301F-11D3-BF4B-00C04F79EFBC}") = "Frames2", "Frames2\Frames2.csproj", "{C3D8A655-B095-4039-84A8-38E3F649E329}"
EndProject
Project("{FAE04EC0-301F-11D3-BF4B-00C04F79EFBC}") = "Frames3", "Frames3\Frames3.csproj", "{F229A85D-0EDF-4144-A427-0CD54B0F2BB4}"
EndProject
Project("{FAE04EC0-301F-11D3-BF4B-00C04F79EFBC}") = "FramesKenov", "FramesKenov\FramesKenov.csproj", "{ACD65732-2DFE-411B-9638-3A8019A463B3}"
EndProject
Project("{FAE04EC0-301F-11D3-BF4B-00C04F79EFBC}") = "SupermarketQueue", "SupermarketQueue\SupermarketQueue.csproj", "{01815C86-7129-4860-8506-DC0E110BA64F}"
EndProject
Project("{FAE04EC0-301F-11D3-BF4B-00C04F79EFBC}") = "Bussinesmen", "Bussinesmen\Bussinesmen.csproj", "{E159912A-1103-4A4C-8F79-D1FE19EF4F16}"
EndProject
Global
	GlobalSection(SolutionConfigurationPlatforms) = preSolution
		Debug|Any CPU = Debug|Any CPU
		Release|Any CPU = Release|Any CPU
	EndGlobalSection
	GlobalSection(ProjectConfigurationPlatforms) = postSolution
		{5FC0B60F-E633-472F-8575-427B7C535881}.Debug|Any CPU.ActiveCfg = Debug|Any CPU
		{5FC0B60F-E633-472F-8575-427B7C535881}.Debug|Any CPU.Build.0 = Debug|Any CPU
		{5FC0B60F-E633-472F-8575-427B7C535881}.Release|Any CPU.ActiveCfg = Release|Any CPU
		{5FC0B60F-E633-472F-8575-427B7C535881}.Release|Any CPU.Build.0 = Release|Any CPU
		{E5540427-BEA4-4ACB-A167-18D2F2BC5A9E}.Debug|Any CPU.ActiveCfg = Debug|Any CPU
		{E5540427-BEA4-4ACB-A167-18D2F2BC5A9E}.Debug|Any CPU.Build.0 = Debug|Any CPU
		{E5540427-BEA4-4ACB-A167-18D2F2BC5A9E}.Release|Any CPU.ActiveCfg = Release|Any CPU
		{E5540427-BEA4-4ACB-A167-18D2F2BC5A9E}.Release|Any CPU.Build.0 = Release|Any CPU
		{C3D8A655-B095-4039-84A8-38E3F649E329}.Debug|Any CPU.ActiveCfg = Debug|Any CPU
		{C3D8A655-B095-4039-84A8-38E3F649E329}.Debug|Any CPU.Build.0 = Debug|Any CPU
		{C3D8A655-B095-4039-84A8-38E3F649E329}.Release|Any CPU.ActiveCfg = Release|Any CPU
		{C3D8A655-B095-4039-84A8-38E3F649E329}.Release|Any CPU.Build.0 = Release|Any CPU
		{F229A85D-0EDF-4144-A427-0CD54B0F2BB4}.Debug|Any CPU.ActiveCfg = Debug|Any CPU
		{F229A85D-0EDF-4144-A427-0CD54B0F2BB4}.Debug|Any CPU.Build.0 = Debug|Any CPU
		{F229A85D-0EDF-4144-A427-0CD54B0F2BB4}.Release|Any CPU.ActiveCfg = Release|Any CPU
		{F229A85D-0EDF-4144-A427-0CD54B0F2BB4}.Release|Any CPU.Build.0 = Release|Any CPU
		{ACD65732-2DFE-411B-9638-3A8019A463B3}.Debug|Any CPU.ActiveCfg = Debug|Any CPU
		{ACD65732-2DFE-411B-9638-3A8019A463B3}.Debug|Any CPU.Build.0 = Debug|Any CPU
		{ACD65732-2DFE-411B-9638-3A8019A463B3}.Release|Any CPU.ActiveCfg = Release|Any CPU
		{ACD65732-2DFE-411B-9638-3A8019A463B3}.Release|Any CPU.Build.0 = Release|Any CPU
		{01815C86-7129-4860-8506-DC0E110BA64F}.Debug|Any CPU.ActiveCfg = Debug|Any CPU
		{01815C86-7129-4860-8506-DC0E110BA64F}.Debug|Any CPU.Build.0 = Debug|Any CPU
		{01815C86-7129-4860-8506-DC0E110BA64F}.Release|Any CPU.ActiveCfg = Release|Any CPU
		{01815C86-7129-4860-8506-DC0E110BA64F}.Release|Any CPU.Build.0 = Release|Any CPU
		{E159912A-1103-4A4C-8F79-D1FE19EF4F16}.Debug|Any CPU.ActiveCfg = Debug|Any CPU
		{E159912A-1103-4A4C-8F79-D1FE19EF4F16}.Debug|Any CPU.Build.0 = Debug|Any CPU
		{E159912A-1103-4A4C-8F79-D1FE19EF4F16}.Release|Any CPU.ActiveCfg = Release|Any CPU
		{E159912A-1103-4A4C-8F79-D1FE19EF4F16}.Release|Any CPU.Build.0 = Release|Any CPU
	EndGlobalSection
	GlobalSection(SolutionProperties) = preSolution
		HideSolutionNode = FALSE
	EndGlobalSection
EndGlobal
