
Microsoft Visual Studio Solution File, Format Version 12.00
# Visual Studio 2013
VisualStudioVersion = 12.0.30324.0
MinimumVisualStudioVersion = 10.0.40219.1
Project("{FAE04EC0-301F-11D3-BF4B-00C04F79EFBC}") = "1.ConsoleWriter", "1.ConsoleWriter\1.ConsoleWriter.csproj", "{156A18CA-BF86-44FA-A1E6-2F62D1F8BB32}"
EndProject
Project("{FAE04EC0-301F-11D3-BF4B-00C04F79EFBC}") = "2.Character", "2.Character\2.Character.csproj", "{D554A4A8-9711-4190-B099-DB11206F0B12}"
EndProject
Global
	GlobalSection(SolutionConfigurationPlatforms) = preSolution
		Debug|Any CPU = Debug|Any CPU
		Release|Any CPU = Release|Any CPU
	EndGlobalSection
	GlobalSection(ProjectConfigurationPlatforms) = postSolution
		{156A18CA-BF86-44FA-A1E6-2F62D1F8BB32}.Debug|Any CPU.ActiveCfg = Debug|Any CPU
		{156A18CA-BF86-44FA-A1E6-2F62D1F8BB32}.Debug|Any CPU.Build.0 = Debug|Any CPU
		{156A18CA-BF86-44FA-A1E6-2F62D1F8BB32}.Release|Any CPU.ActiveCfg = Release|Any CPU
		{156A18CA-BF86-44FA-A1E6-2F62D1F8BB32}.Release|Any CPU.Build.0 = Release|Any CPU
		{D554A4A8-9711-4190-B099-DB11206F0B12}.Debug|Any CPU.ActiveCfg = Debug|Any CPU
		{D554A4A8-9711-4190-B099-DB11206F0B12}.Debug|Any CPU.Build.0 = Debug|Any CPU
		{D554A4A8-9711-4190-B099-DB11206F0B12}.Release|Any CPU.ActiveCfg = Release|Any CPU
		{D554A4A8-9711-4190-B099-DB11206F0B12}.Release|Any CPU.Build.0 = Release|Any CPU
	EndGlobalSection
	GlobalSection(SolutionProperties) = preSolution
		HideSolutionNode = FALSE
	EndGlobalSection
EndGlobal
