
Microsoft Visual Studio Solution File, Format Version 12.00
# Visual Studio 2012
Project("{FAE04EC0-301F-11D3-BF4B-00C04F79EFBC}") = "1.School", "1.School\1.School.csproj", "{1CDDACF8-9BC4-452A-A5E9-860E32D65F65}"
EndProject
Project("{FAE04EC0-301F-11D3-BF4B-00C04F79EFBC}") = "2.StudentsAndWorkers", "2.StudentsAndWorkers\2.StudentsAndWorkers.csproj", "{91540B92-DD4B-4135-9B35-96B8CC4D15A3}"
EndProject
Project("{FAE04EC0-301F-11D3-BF4B-00C04F79EFBC}") = "3.Animals", "3.Animals\3.Animals.csproj", "{CB6E588E-F741-4A71-906D-A63DBFFFF405}"
EndProject
Global
	GlobalSection(SolutionConfigurationPlatforms) = preSolution
		Debug|Any CPU = Debug|Any CPU
		Release|Any CPU = Release|Any CPU
	EndGlobalSection
	GlobalSection(ProjectConfigurationPlatforms) = postSolution
		{1CDDACF8-9BC4-452A-A5E9-860E32D65F65}.Debug|Any CPU.ActiveCfg = Debug|Any CPU
		{1CDDACF8-9BC4-452A-A5E9-860E32D65F65}.Debug|Any CPU.Build.0 = Debug|Any CPU
		{1CDDACF8-9BC4-452A-A5E9-860E32D65F65}.Release|Any CPU.ActiveCfg = Release|Any CPU
		{1CDDACF8-9BC4-452A-A5E9-860E32D65F65}.Release|Any CPU.Build.0 = Release|Any CPU
		{91540B92-DD4B-4135-9B35-96B8CC4D15A3}.Debug|Any CPU.ActiveCfg = Debug|Any CPU
		{91540B92-DD4B-4135-9B35-96B8CC4D15A3}.Debug|Any CPU.Build.0 = Debug|Any CPU
		{91540B92-DD4B-4135-9B35-96B8CC4D15A3}.Release|Any CPU.ActiveCfg = Release|Any CPU
		{91540B92-DD4B-4135-9B35-96B8CC4D15A3}.Release|Any CPU.Build.0 = Release|Any CPU
		{CB6E588E-F741-4A71-906D-A63DBFFFF405}.Debug|Any CPU.ActiveCfg = Debug|Any CPU
		{CB6E588E-F741-4A71-906D-A63DBFFFF405}.Debug|Any CPU.Build.0 = Debug|Any CPU
		{CB6E588E-F741-4A71-906D-A63DBFFFF405}.Release|Any CPU.ActiveCfg = Release|Any CPU
		{CB6E588E-F741-4A71-906D-A63DBFFFF405}.Release|Any CPU.Build.0 = Release|Any CPU
	EndGlobalSection
	GlobalSection(SolutionProperties) = preSolution
		HideSolutionNode = FALSE
	EndGlobalSection
EndGlobal
