
Microsoft Visual Studio Solution File, Format Version 12.00
# Visual Studio 2012
Project("{FAE04EC0-301F-11D3-BF4B-00C04F79EFBC}") = "01.CoffeeMachine", "01.CoffeeMachine\01.CoffeeMachine.csproj", "{700686E9-A3BD-4953-A9D1-B278ADAEB403}"
EndProject
Project("{FAE04EC0-301F-11D3-BF4B-00C04F79EFBC}") = "02.DrunkenNumbers", "02.DrunkenNumbers\02.DrunkenNumbers.csproj", "{C98B2C71-3501-44FB-B2FF-F86DA9DB057E}"
EndProject
Project("{FAE04EC0-301F-11D3-BF4B-00C04F79EFBC}") = "03.Fire", "03.Fire\03.Fire.csproj", "{CA629E4F-7DE2-4A52-ABBD-F65B0069894B}"
EndProject
Project("{FAE04EC0-301F-11D3-BF4B-00C04F79EFBC}") = "05.Neurons", "05.Neurons\05.Neurons.csproj", "{F4079223-2431-45FA-B53D-C424BB155586}"
EndProject
Project("{FAE04EC0-301F-11D3-BF4B-00C04F79EFBC}") = "test", "test\test.csproj", "{A548871D-FA72-41FC-8F33-24B5382641F4}"
EndProject
Project("{FAE04EC0-301F-11D3-BF4B-00C04F79EFBC}") = "bulls and cows", "bulls and cows\bulls and cows.csproj", "{A2918C16-5FCB-4F20-9570-8A3DCFC014AF}"
EndProject
Global
	GlobalSection(SolutionConfigurationPlatforms) = preSolution
		Debug|Any CPU = Debug|Any CPU
		Release|Any CPU = Release|Any CPU
	EndGlobalSection
	GlobalSection(ProjectConfigurationPlatforms) = postSolution
		{700686E9-A3BD-4953-A9D1-B278ADAEB403}.Debug|Any CPU.ActiveCfg = Debug|Any CPU
		{700686E9-A3BD-4953-A9D1-B278ADAEB403}.Debug|Any CPU.Build.0 = Debug|Any CPU
		{700686E9-A3BD-4953-A9D1-B278ADAEB403}.Release|Any CPU.ActiveCfg = Release|Any CPU
		{700686E9-A3BD-4953-A9D1-B278ADAEB403}.Release|Any CPU.Build.0 = Release|Any CPU
		{C98B2C71-3501-44FB-B2FF-F86DA9DB057E}.Debug|Any CPU.ActiveCfg = Debug|Any CPU
		{C98B2C71-3501-44FB-B2FF-F86DA9DB057E}.Debug|Any CPU.Build.0 = Debug|Any CPU
		{C98B2C71-3501-44FB-B2FF-F86DA9DB057E}.Release|Any CPU.ActiveCfg = Release|Any CPU
		{C98B2C71-3501-44FB-B2FF-F86DA9DB057E}.Release|Any CPU.Build.0 = Release|Any CPU
		{CA629E4F-7DE2-4A52-ABBD-F65B0069894B}.Debug|Any CPU.ActiveCfg = Debug|Any CPU
		{CA629E4F-7DE2-4A52-ABBD-F65B0069894B}.Debug|Any CPU.Build.0 = Debug|Any CPU
		{CA629E4F-7DE2-4A52-ABBD-F65B0069894B}.Release|Any CPU.ActiveCfg = Release|Any CPU
		{CA629E4F-7DE2-4A52-ABBD-F65B0069894B}.Release|Any CPU.Build.0 = Release|Any CPU
		{F4079223-2431-45FA-B53D-C424BB155586}.Debug|Any CPU.ActiveCfg = Debug|Any CPU
		{F4079223-2431-45FA-B53D-C424BB155586}.Debug|Any CPU.Build.0 = Debug|Any CPU
		{F4079223-2431-45FA-B53D-C424BB155586}.Release|Any CPU.ActiveCfg = Release|Any CPU
		{F4079223-2431-45FA-B53D-C424BB155586}.Release|Any CPU.Build.0 = Release|Any CPU
		{A548871D-FA72-41FC-8F33-24B5382641F4}.Debug|Any CPU.ActiveCfg = Debug|Any CPU
		{A548871D-FA72-41FC-8F33-24B5382641F4}.Debug|Any CPU.Build.0 = Debug|Any CPU
		{A548871D-FA72-41FC-8F33-24B5382641F4}.Release|Any CPU.ActiveCfg = Release|Any CPU
		{A548871D-FA72-41FC-8F33-24B5382641F4}.Release|Any CPU.Build.0 = Release|Any CPU
		{A2918C16-5FCB-4F20-9570-8A3DCFC014AF}.Debug|Any CPU.ActiveCfg = Debug|Any CPU
		{A2918C16-5FCB-4F20-9570-8A3DCFC014AF}.Debug|Any CPU.Build.0 = Debug|Any CPU
		{A2918C16-5FCB-4F20-9570-8A3DCFC014AF}.Release|Any CPU.ActiveCfg = Release|Any CPU
		{A2918C16-5FCB-4F20-9570-8A3DCFC014AF}.Release|Any CPU.Build.0 = Release|Any CPU
	EndGlobalSection
	GlobalSection(SolutionProperties) = preSolution
		HideSolutionNode = FALSE
	EndGlobalSection
EndGlobal
