
Microsoft Visual Studio Solution File, Format Version 12.00
# Visual Studio 2012
Project("{FAE04EC0-301F-11D3-BF4B-00C04F79EFBC}") = "01.ReadThreeInt", "01.ReadThreeInt\01.ReadThreeInt.csproj", "{37901B6A-0D8D-44FB-B62C-9A1943E940B2}"
EndProject
Project("{FAE04EC0-301F-11D3-BF4B-00C04F79EFBC}") = "02.PerimetrAndAreaOfCircle", "02.PerimetrAndAreaOfCircle\02.PerimetrAndAreaOfCircle.csproj", "{B2CA7A20-A411-4053-8FED-73A509ECF935}"
EndProject
Project("{FAE04EC0-301F-11D3-BF4B-00C04F79EFBC}") = "03.CompanyInfo", "03.CompanyInfo\03.CompanyInfo.csproj", "{260B6544-AE55-489E-A3E8-82167705F734}"
EndProject
Project("{FAE04EC0-301F-11D3-BF4B-00C04F79EFBC}") = "04.DivisionBy5BetwTwoNum", "04.DivisionBy5BetwTwoNum\04.DivisionBy5BetwTwoNum.csproj", "{A9DB3018-A5A4-4E99-942A-24C147EB4A61}"
EndProject
Project("{FAE04EC0-301F-11D3-BF4B-00C04F79EFBC}") = "05.GreaterOfTwoInts", "05.GreaterOfTwoInts\05.GreaterOfTwoInts.csproj", "{20ED86E4-65DA-4C94-992A-4ADA78B7D690}"
EndProject
Project("{FAE04EC0-301F-11D3-BF4B-00C04F79EFBC}") = "06.QuadraticEquation", "06.QuadraticEquation\06.QuadraticEquation.csproj", "{2C7A5C43-52BF-4C44-8500-C03CD21C2A85}"
EndProject
Project("{FAE04EC0-301F-11D3-BF4B-00C04F79EFBC}") = "07.SumOfN", "07.SumOfN\07.SumOfN.csproj", "{8757C37E-DB9A-4B48-88D3-F83D45892C27}"
EndProject
Project("{FAE04EC0-301F-11D3-BF4B-00C04F79EFBC}") = "08.Write1ToN", "08.Write1ToN\08.Write1ToN.csproj", "{6D5590F8-2A0B-4642-A18C-ABFCE0E0A7D5}"
EndProject
Project("{FAE04EC0-301F-11D3-BF4B-00C04F79EFBC}") = "09.FibonacciSequence", "09\09.FibonacciSequence.csproj", "{87E2EBA1-2DB8-4634-9E46-AE93D77F3393}"
EndProject
Project("{FAE04EC0-301F-11D3-BF4B-00C04F79EFBC}") = "10.SumOfSequence", "10.SumOfSequence\10.SumOfSequence.csproj", "{534A4FE1-6F69-4F6C-9C3A-5D2726CFAEAC}"
EndProject
Project("{FAE04EC0-301F-11D3-BF4B-00C04F79EFBC}") = "11.FallingRocksGame", "11.FallingRocksGame\11.FallingRocksGame.csproj", "{498C536A-AD70-423C-8A02-9291ACFC82D0}"
EndProject
Global
	GlobalSection(SolutionConfigurationPlatforms) = preSolution
		Debug|Any CPU = Debug|Any CPU
		Release|Any CPU = Release|Any CPU
	EndGlobalSection
	GlobalSection(ProjectConfigurationPlatforms) = postSolution
		{37901B6A-0D8D-44FB-B62C-9A1943E940B2}.Debug|Any CPU.ActiveCfg = Debug|Any CPU
		{37901B6A-0D8D-44FB-B62C-9A1943E940B2}.Debug|Any CPU.Build.0 = Debug|Any CPU
		{37901B6A-0D8D-44FB-B62C-9A1943E940B2}.Release|Any CPU.ActiveCfg = Release|Any CPU
		{37901B6A-0D8D-44FB-B62C-9A1943E940B2}.Release|Any CPU.Build.0 = Release|Any CPU
		{B2CA7A20-A411-4053-8FED-73A509ECF935}.Debug|Any CPU.ActiveCfg = Debug|Any CPU
		{B2CA7A20-A411-4053-8FED-73A509ECF935}.Debug|Any CPU.Build.0 = Debug|Any CPU
		{B2CA7A20-A411-4053-8FED-73A509ECF935}.Release|Any CPU.ActiveCfg = Release|Any CPU
		{B2CA7A20-A411-4053-8FED-73A509ECF935}.Release|Any CPU.Build.0 = Release|Any CPU
		{260B6544-AE55-489E-A3E8-82167705F734}.Debug|Any CPU.ActiveCfg = Debug|Any CPU
		{260B6544-AE55-489E-A3E8-82167705F734}.Debug|Any CPU.Build.0 = Debug|Any CPU
		{260B6544-AE55-489E-A3E8-82167705F734}.Release|Any CPU.ActiveCfg = Release|Any CPU
		{260B6544-AE55-489E-A3E8-82167705F734}.Release|Any CPU.Build.0 = Release|Any CPU
		{A9DB3018-A5A4-4E99-942A-24C147EB4A61}.Debug|Any CPU.ActiveCfg = Debug|Any CPU
		{A9DB3018-A5A4-4E99-942A-24C147EB4A61}.Debug|Any CPU.Build.0 = Debug|Any CPU
		{A9DB3018-A5A4-4E99-942A-24C147EB4A61}.Release|Any CPU.ActiveCfg = Release|Any CPU
		{A9DB3018-A5A4-4E99-942A-24C147EB4A61}.Release|Any CPU.Build.0 = Release|Any CPU
		{20ED86E4-65DA-4C94-992A-4ADA78B7D690}.Debug|Any CPU.ActiveCfg = Debug|Any CPU
		{20ED86E4-65DA-4C94-992A-4ADA78B7D690}.Debug|Any CPU.Build.0 = Debug|Any CPU
		{20ED86E4-65DA-4C94-992A-4ADA78B7D690}.Release|Any CPU.ActiveCfg = Release|Any CPU
		{20ED86E4-65DA-4C94-992A-4ADA78B7D690}.Release|Any CPU.Build.0 = Release|Any CPU
		{2C7A5C43-52BF-4C44-8500-C03CD21C2A85}.Debug|Any CPU.ActiveCfg = Debug|Any CPU
		{2C7A5C43-52BF-4C44-8500-C03CD21C2A85}.Debug|Any CPU.Build.0 = Debug|Any CPU
		{2C7A5C43-52BF-4C44-8500-C03CD21C2A85}.Release|Any CPU.ActiveCfg = Release|Any CPU
		{2C7A5C43-52BF-4C44-8500-C03CD21C2A85}.Release|Any CPU.Build.0 = Release|Any CPU
		{8757C37E-DB9A-4B48-88D3-F83D45892C27}.Debug|Any CPU.ActiveCfg = Debug|Any CPU
		{8757C37E-DB9A-4B48-88D3-F83D45892C27}.Debug|Any CPU.Build.0 = Debug|Any CPU
		{8757C37E-DB9A-4B48-88D3-F83D45892C27}.Release|Any CPU.ActiveCfg = Release|Any CPU
		{8757C37E-DB9A-4B48-88D3-F83D45892C27}.Release|Any CPU.Build.0 = Release|Any CPU
		{6D5590F8-2A0B-4642-A18C-ABFCE0E0A7D5}.Debug|Any CPU.ActiveCfg = Debug|Any CPU
		{6D5590F8-2A0B-4642-A18C-ABFCE0E0A7D5}.Debug|Any CPU.Build.0 = Debug|Any CPU
		{6D5590F8-2A0B-4642-A18C-ABFCE0E0A7D5}.Release|Any CPU.ActiveCfg = Release|Any CPU
		{6D5590F8-2A0B-4642-A18C-ABFCE0E0A7D5}.Release|Any CPU.Build.0 = Release|Any CPU
		{87E2EBA1-2DB8-4634-9E46-AE93D77F3393}.Debug|Any CPU.ActiveCfg = Debug|Any CPU
		{87E2EBA1-2DB8-4634-9E46-AE93D77F3393}.Debug|Any CPU.Build.0 = Debug|Any CPU
		{87E2EBA1-2DB8-4634-9E46-AE93D77F3393}.Release|Any CPU.ActiveCfg = Release|Any CPU
		{87E2EBA1-2DB8-4634-9E46-AE93D77F3393}.Release|Any CPU.Build.0 = Release|Any CPU
		{534A4FE1-6F69-4F6C-9C3A-5D2726CFAEAC}.Debug|Any CPU.ActiveCfg = Debug|Any CPU
		{534A4FE1-6F69-4F6C-9C3A-5D2726CFAEAC}.Debug|Any CPU.Build.0 = Debug|Any CPU
		{534A4FE1-6F69-4F6C-9C3A-5D2726CFAEAC}.Release|Any CPU.ActiveCfg = Release|Any CPU
		{534A4FE1-6F69-4F6C-9C3A-5D2726CFAEAC}.Release|Any CPU.Build.0 = Release|Any CPU
		{498C536A-AD70-423C-8A02-9291ACFC82D0}.Debug|Any CPU.ActiveCfg = Debug|Any CPU
		{498C536A-AD70-423C-8A02-9291ACFC82D0}.Debug|Any CPU.Build.0 = Debug|Any CPU
		{498C536A-AD70-423C-8A02-9291ACFC82D0}.Release|Any CPU.ActiveCfg = Release|Any CPU
		{498C536A-AD70-423C-8A02-9291ACFC82D0}.Release|Any CPU.Build.0 = Release|Any CPU
	EndGlobalSection
	GlobalSection(SolutionProperties) = preSolution
		HideSolutionNode = FALSE
	EndGlobalSection
EndGlobal
