
Microsoft Visual Studio Solution File, Format Version 12.00
# Visual Studio 2013
VisualStudioVersion = 12.0.30324.0
MinimumVisualStudioVersion = 10.0.40219.1
Project("{FAE04EC0-301F-11D3-BF4B-00C04F79EFBC}") = "UnitTestingHW", "UnitTestingHW\UnitTestingHW.csproj", "{D3C24B33-B07D-4B0E-AFFA-04A8B55004A5}"
EndProject
Project("{FAE04EC0-301F-11D3-BF4B-00C04F79EFBC}") = "TestSchool", "TestSchool\TestSchool.csproj", "{CD4B9D67-DFE1-4BFA-BA1D-3DD9C51590E2}"
EndProject
Global
	GlobalSection(SolutionConfigurationPlatforms) = preSolution
		Debug|Any CPU = Debug|Any CPU
		Release|Any CPU = Release|Any CPU
	EndGlobalSection
	GlobalSection(ProjectConfigurationPlatforms) = postSolution
		{D3C24B33-B07D-4B0E-AFFA-04A8B55004A5}.Debug|Any CPU.ActiveCfg = Debug|Any CPU
		{D3C24B33-B07D-4B0E-AFFA-04A8B55004A5}.Debug|Any CPU.Build.0 = Debug|Any CPU
		{D3C24B33-B07D-4B0E-AFFA-04A8B55004A5}.Release|Any CPU.ActiveCfg = Release|Any CPU
		{D3C24B33-B07D-4B0E-AFFA-04A8B55004A5}.Release|Any CPU.Build.0 = Release|Any CPU
		{CD4B9D67-DFE1-4BFA-BA1D-3DD9C51590E2}.Debug|Any CPU.ActiveCfg = Debug|Any CPU
		{CD4B9D67-DFE1-4BFA-BA1D-3DD9C51590E2}.Debug|Any CPU.Build.0 = Debug|Any CPU
		{CD4B9D67-DFE1-4BFA-BA1D-3DD9C51590E2}.Release|Any CPU.ActiveCfg = Release|Any CPU
		{CD4B9D67-DFE1-4BFA-BA1D-3DD9C51590E2}.Release|Any CPU.Build.0 = Release|Any CPU
	EndGlobalSection
	GlobalSection(SolutionProperties) = preSolution
		HideSolutionNode = FALSE
	EndGlobalSection
EndGlobal
