
Microsoft Visual Studio Solution File, Format Version 12.00
# Visual Studio 2013
VisualStudioVersion = 12.0.30324.0
MinimumVisualStudioVersion = 10.0.40219.1
Project("{FAE04EC0-301F-11D3-BF4B-00C04F79EFBC}") = "1.RefacFirst", "1.RefacFirst\1.RefacFirst.csproj", "{0664754B-1366-48C7-AF8F-BAF7D51BC96D}"
EndProject
Project("{FAE04EC0-301F-11D3-BF4B-00C04F79EFBC}") = "2.RefacSecond", "2.RefacSecond\2.RefacSecond.csproj", "{C7436EFD-5D00-429A-865B-30234BDF8A3F}"
EndProject
Project("{FAE04EC0-301F-11D3-BF4B-00C04F79EFBC}") = "3.RefacThird", "3.RefacThird\3.RefacThird.csproj", "{9896D9BF-41AD-48A7-86DD-AAC7B6DB5633}"
EndProject
Global
	GlobalSection(SolutionConfigurationPlatforms) = preSolution
		Debug|Any CPU = Debug|Any CPU
		Release|Any CPU = Release|Any CPU
	EndGlobalSection
	GlobalSection(ProjectConfigurationPlatforms) = postSolution
		{0664754B-1366-48C7-AF8F-BAF7D51BC96D}.Debug|Any CPU.ActiveCfg = Debug|Any CPU
		{0664754B-1366-48C7-AF8F-BAF7D51BC96D}.Debug|Any CPU.Build.0 = Debug|Any CPU
		{0664754B-1366-48C7-AF8F-BAF7D51BC96D}.Release|Any CPU.ActiveCfg = Release|Any CPU
		{0664754B-1366-48C7-AF8F-BAF7D51BC96D}.Release|Any CPU.Build.0 = Release|Any CPU
		{C7436EFD-5D00-429A-865B-30234BDF8A3F}.Debug|Any CPU.ActiveCfg = Debug|Any CPU
		{C7436EFD-5D00-429A-865B-30234BDF8A3F}.Debug|Any CPU.Build.0 = Debug|Any CPU
		{C7436EFD-5D00-429A-865B-30234BDF8A3F}.Release|Any CPU.ActiveCfg = Release|Any CPU
		{C7436EFD-5D00-429A-865B-30234BDF8A3F}.Release|Any CPU.Build.0 = Release|Any CPU
		{9896D9BF-41AD-48A7-86DD-AAC7B6DB5633}.Debug|Any CPU.ActiveCfg = Debug|Any CPU
		{9896D9BF-41AD-48A7-86DD-AAC7B6DB5633}.Debug|Any CPU.Build.0 = Debug|Any CPU
		{9896D9BF-41AD-48A7-86DD-AAC7B6DB5633}.Release|Any CPU.ActiveCfg = Release|Any CPU
		{9896D9BF-41AD-48A7-86DD-AAC7B6DB5633}.Release|Any CPU.Build.0 = Release|Any CPU
	EndGlobalSection
	GlobalSection(SolutionProperties) = preSolution
		HideSolutionNode = FALSE
	EndGlobalSection
EndGlobal
