
Microsoft Visual Studio Solution File, Format Version 12.00
# Visual Studio 2012
Project("{FAE04EC0-301F-11D3-BF4B-00C04F79EFBC}") = "1.2.3.Student", "Student\1.2.3.Student.csproj", "{CE9BBE2E-00F2-4D83-984A-63C60157706D}"
EndProject
Project("{FAE04EC0-301F-11D3-BF4B-00C04F79EFBC}") = "4.PersonInfo", "PersonInfo\4.PersonInfo.csproj", "{C95B5F16-DCC8-432C-BFFB-53F845D80C0F}"
EndProject
Project("{FAE04EC0-301F-11D3-BF4B-00C04F79EFBC}") = "5.BitArray", "5.BitArray\5.BitArray.csproj", "{8C6BA6E2-81E1-4B71-99A8-7F01DE24E5D7}"
EndProject
Project("{FAE04EC0-301F-11D3-BF4B-00C04F79EFBC}") = "6.BST", "6.BST\6.BST.csproj", "{B91090D6-5816-47A5-BC5E-5DF07FD23205}"
EndProject
Global
	GlobalSection(SolutionConfigurationPlatforms) = preSolution
		Debug|Any CPU = Debug|Any CPU
		Release|Any CPU = Release|Any CPU
	EndGlobalSection
	GlobalSection(ProjectConfigurationPlatforms) = postSolution
		{CE9BBE2E-00F2-4D83-984A-63C60157706D}.Debug|Any CPU.ActiveCfg = Debug|Any CPU
		{CE9BBE2E-00F2-4D83-984A-63C60157706D}.Debug|Any CPU.Build.0 = Debug|Any CPU
		{CE9BBE2E-00F2-4D83-984A-63C60157706D}.Release|Any CPU.ActiveCfg = Release|Any CPU
		{CE9BBE2E-00F2-4D83-984A-63C60157706D}.Release|Any CPU.Build.0 = Release|Any CPU
		{C95B5F16-DCC8-432C-BFFB-53F845D80C0F}.Debug|Any CPU.ActiveCfg = Debug|Any CPU
		{C95B5F16-DCC8-432C-BFFB-53F845D80C0F}.Debug|Any CPU.Build.0 = Debug|Any CPU
		{C95B5F16-DCC8-432C-BFFB-53F845D80C0F}.Release|Any CPU.ActiveCfg = Release|Any CPU
		{C95B5F16-DCC8-432C-BFFB-53F845D80C0F}.Release|Any CPU.Build.0 = Release|Any CPU
		{8C6BA6E2-81E1-4B71-99A8-7F01DE24E5D7}.Debug|Any CPU.ActiveCfg = Debug|Any CPU
		{8C6BA6E2-81E1-4B71-99A8-7F01DE24E5D7}.Debug|Any CPU.Build.0 = Debug|Any CPU
		{8C6BA6E2-81E1-4B71-99A8-7F01DE24E5D7}.Release|Any CPU.ActiveCfg = Release|Any CPU
		{8C6BA6E2-81E1-4B71-99A8-7F01DE24E5D7}.Release|Any CPU.Build.0 = Release|Any CPU
		{B91090D6-5816-47A5-BC5E-5DF07FD23205}.Debug|Any CPU.ActiveCfg = Debug|Any CPU
		{B91090D6-5816-47A5-BC5E-5DF07FD23205}.Debug|Any CPU.Build.0 = Debug|Any CPU
		{B91090D6-5816-47A5-BC5E-5DF07FD23205}.Release|Any CPU.ActiveCfg = Release|Any CPU
		{B91090D6-5816-47A5-BC5E-5DF07FD23205}.Release|Any CPU.Build.0 = Release|Any CPU
	EndGlobalSection
	GlobalSection(SolutionProperties) = preSolution
		HideSolutionNode = FALSE
	EndGlobalSection
EndGlobal
